
Microsoft Visual Studio Solution File, Format Version 12.00
# Visual Studio 15
VisualStudioVersion = 15.0.26228.9
MinimumVisualStudioVersion = 10.0.40219.1
Project("{FAE04EC0-301F-11D3-BF4B-00C04F79EFBC}") = "GUI", "GUI\GUI.csproj", "{F9C67C1D-2E34-49D4-84C6-C726355FC10C}"
EndProject
Project("{FAE04EC0-301F-11D3-BF4B-00C04F79EFBC}") = "GraphComponent", "GraphComponent\GraphComponent.csproj", "{EE83B458-0C45-4383-BBB4-5B1AA920E84E}"
EndProject
Global
	GlobalSection(SolutionConfigurationPlatforms) = preSolution
		Debug|Any CPU = Debug|Any CPU
		Release|Any CPU = Release|Any CPU
	EndGlobalSection
	GlobalSection(ProjectConfigurationPlatforms) = postSolution
		{F9C67C1D-2E34-49D4-84C6-C726355FC10C}.Debug|Any CPU.ActiveCfg = Debug|Any CPU
		{F9C67C1D-2E34-49D4-84C6-C726355FC10C}.Debug|Any CPU.Build.0 = Debug|Any CPU
		{F9C67C1D-2E34-49D4-84C6-C726355FC10C}.Release|Any CPU.ActiveCfg = Release|Any CPU
		{F9C67C1D-2E34-49D4-84C6-C726355FC10C}.Release|Any CPU.Build.0 = Release|Any CPU
		{EE83B458-0C45-4383-BBB4-5B1AA920E84E}.Debug|Any CPU.ActiveCfg = Debug|Any CPU
		{EE83B458-0C45-4383-BBB4-5B1AA920E84E}.Debug|Any CPU.Build.0 = Debug|Any CPU
		{EE83B458-0C45-4383-BBB4-5B1AA920E84E}.Release|Any CPU.ActiveCfg = Release|Any CPU
		{EE83B458-0C45-4383-BBB4-5B1AA920E84E}.Release|Any CPU.Build.0 = Release|Any CPU
	EndGlobalSection
	GlobalSection(SolutionProperties) = preSolution
		HideSolutionNode = FALSE
	EndGlobalSection
EndGlobal
